
Microsoft Visual Studio Solution File, Format Version 12.00
Project("{FAE04EC0-301F-11D3-BF4B-00C04F79EFBC}") = "LeetCode", "LeetCode\LeetCode.csproj", "{4D19DEA8-39AE-42E2-A98F-0CF17F3DB15C}"
EndProject
Global
	GlobalSection(SolutionConfigurationPlatforms) = preSolution
		Debug|Any CPU = Debug|Any CPU
		Release|Any CPU = Release|Any CPU
	EndGlobalSection
	GlobalSection(ProjectConfigurationPlatforms) = postSolution
		{4D19DEA8-39AE-42E2-A98F-0CF17F3DB15C}.Debug|Any CPU.ActiveCfg = Debug|Any CPU
		{4D19DEA8-39AE-42E2-A98F-0CF17F3DB15C}.Debug|Any CPU.Build.0 = Debug|Any CPU
		{4D19DEA8-39AE-42E2-A98F-0CF17F3DB15C}.Release|Any CPU.ActiveCfg = Release|Any CPU
		{4D19DEA8-39AE-42E2-A98F-0CF17F3DB15C}.Release|Any CPU.Build.0 = Release|Any CPU
	EndGlobalSection
EndGlobal
